
Microsoft Visual Studio Solution File, Format Version 12.00
# Visual Studio 2015
Project("{FAE04EC0-301F-11D3-BF4B-00C04F79EFBC}") = "UnityVS.BaguetteJousting.CSharp.Plugins", "UnityVS.BaguetteJousting.CSharp.Plugins.csproj", "{E4661883-6E09-C414-A480-3D5CFA5992AF}"
EndProject
Project("{FAE04EC0-301F-11D3-BF4B-00C04F79EFBC}") = "UnityVS.BaguetteJousting.CSharp", "UnityVS.BaguetteJousting.CSharp.csproj", "{72BA22DD-9450-5B83-C8F4-E14EE8B24A01}"
EndProject
Global
	GlobalSection(SolutionConfigurationPlatforms) = preSolution
		Debug|Any CPU = Debug|Any CPU
		Release|Any CPU = Release|Any CPU
	EndGlobalSection
	GlobalSection(ProjectConfigurationPlatforms) = postSolution
		{E4661883-6E09-C414-A480-3D5CFA5992AF}.Debug|Any CPU.ActiveCfg = Debug|Any CPU
		{E4661883-6E09-C414-A480-3D5CFA5992AF}.Debug|Any CPU.Build.0 = Debug|Any CPU
		{E4661883-6E09-C414-A480-3D5CFA5992AF}.Release|Any CPU.ActiveCfg = Release|Any CPU
		{E4661883-6E09-C414-A480-3D5CFA5992AF}.Release|Any CPU.Build.0 = Release|Any CPU
		{72BA22DD-9450-5B83-C8F4-E14EE8B24A01}.Debug|Any CPU.ActiveCfg = Debug|Any CPU
		{72BA22DD-9450-5B83-C8F4-E14EE8B24A01}.Debug|Any CPU.Build.0 = Debug|Any CPU
		{72BA22DD-9450-5B83-C8F4-E14EE8B24A01}.Release|Any CPU.ActiveCfg = Release|Any CPU
		{72BA22DD-9450-5B83-C8F4-E14EE8B24A01}.Release|Any CPU.Build.0 = Release|Any CPU
	EndGlobalSection
	GlobalSection(SolutionProperties) = preSolution
		HideSolutionNode = FALSE
	EndGlobalSection
EndGlobal
